// !$*UTF8*$!
{
	archiveVersion = 1;
	classes = {
	};
	objectVersion = 50;
	objects = {

/* Begin PBXBuildFile section */
		AD2547C22121F50E004F9D86 /* SLLAppDelegate.m in Sources */ = {isa = PBXBuildFile; fileRef = AD2547C12121F50E004F9D86 /* SLLAppDelegate.m */; };
		AD2547C52121F50E004F9D86 /* SLLViewController.m in Sources */ = {isa = PBXBuildFile; fileRef = AD2547C42121F50E004F9D86 /* SLLViewController.m */; };
		AD2547C82121F50E004F9D86 /* Main.storyboard in Resources */ = {isa = PBXBuildFile; fileRef = AD2547C62121F50E004F9D86 /* Main.storyboard */; };
		AD2547CA2121F511004F9D86 /* Assets.xcassets in Resources */ = {isa = PBXBuildFile; fileRef = AD2547C92121F511004F9D86 /* Assets.xcassets */; };
		AD2547CD2121F511004F9D86 /* LaunchScreen.storyboard in Resources */ = {isa = PBXBuildFile; fileRef = AD2547CB2121F511004F9D86 /* LaunchScreen.storyboard */; };
		AD2547D02121F511004F9D86 /* main.m in Sources */ = {isa = PBXBuildFile; fileRef = AD2547CF2121F511004F9D86 /* main.m */; };
		AD2547DA2121F511004F9D86 /* SLLPaperOnboardingDemoTests.m in Sources */ = {isa = PBXBuildFile; fileRef = AD2547D92121F511004F9D86 /* SLLPaperOnboardingDemoTests.m */; };
		AD2547E52121F511004F9D86 /* SLLPaperOnboardingDemoUITests.m in Sources */ = {isa = PBXBuildFile; fileRef = AD2547E42121F511004F9D86 /* SLLPaperOnboardingDemoUITests.m */; };
		AD2547F521220B60004F9D86 /* SLLPaperOnboarding.m in Sources */ = {isa = PBXBuildFile; fileRef = AD2547F421220B60004F9D86 /* SLLPaperOnboarding.m */; };
		AD2547F821220C1B004F9D86 /* SLLOnboardingItemInfo.m in Sources */ = {isa = PBXBuildFile; fileRef = AD2547F721220C1B004F9D86 /* SLLOnboardingItemInfo.m */; };
		AD25480121221866004F9D86 /* SLLOnboardingContentViewItem.m in Sources */ = {isa = PBXBuildFile; fileRef = AD25480021221866004F9D86 /* SLLOnboardingContentViewItem.m */; };
		AD25480421233B2B004F9D86 /* SLLOnboardingContentView.m in Sources */ = {isa = PBXBuildFile; fileRef = AD25480321233B2B004F9D86 /* SLLOnboardingContentView.m */; };
		AD25480721238679004F9D86 /* SLLFillAnimationView.m in Sources */ = {isa = PBXBuildFile; fileRef = AD25480621238679004F9D86 /* SLLFillAnimationView.m */; };
/* End PBXBuildFile section */

/* Begin PBXContainerItemProxy section */
		AD2547D62121F511004F9D86 /* PBXContainerItemProxy */ = {
			isa = PBXContainerItemProxy;
			containerPortal = AD2547B52121F50E004F9D86 /* Project object */;
			proxyType = 1;
			remoteGlobalIDString = AD2547BC2121F50E004F9D86;
			remoteInfo = SLLPaperOnboardingDemo;
		};
		AD2547E12121F511004F9D86 /* PBXContainerItemProxy */ = {
			isa = PBXContainerItemProxy;
			containerPortal = AD2547B52121F50E004F9D86 /* Project object */;
			proxyType = 1;
			remoteGlobalIDString = AD2547BC2121F50E004F9D86;
			remoteInfo = SLLPaperOnboardingDemo;
		};
/* End PBXContainerItemProxy section */

/* Begin PBXFileReference section */
		AD2547BD2121F50E004F9D86 /* SLLPaperOnboardingDemo.app */ = {isa = PBXFileReference; explicitFileType = wrapper.application; includeInIndex = 0; path = SLLPaperOnboardingDemo.app; sourceTree = BUILT_PRODUCTS_DIR; };
		AD2547C02121F50E004F9D86 /* SLLAppDelegate.h */ = {isa = PBXFileReference; lastKnownFileType = sourcecode.c.h; path = SLLAppDelegate.h; sourceTree = "<group>"; };
		AD2547C12121F50E004F9D86 /* SLLAppDelegate.m */ = {isa = PBXFileReference; lastKnownFileType = sourcecode.c.objc; path = SLLAppDelegate.m; sourceTree = "<group>"; };
		AD2547C32121F50E004F9D86 /* SLLViewController.h */ = {isa = PBXFileReference; lastKnownFileType = sourcecode.c.h; path = SLLViewController.h; sourceTree = "<group>"; };
		AD2547C42121F50E004F9D86 /* SLLViewController.m */ = {isa = PBXFileReference; lastKnownFileType = sourcecode.c.objc; path = SLLViewController.m; sourceTree = "<group>"; };
		AD2547C72121F50E004F9D86 /* Base */ = {isa = PBXFileReference; lastKnownFileType = file.storyboard; name = Base; path = Base.lproj/Main.storyboard; sourceTree = "<group>"; };
		AD2547C92121F511004F9D86 /* Assets.xcassets */ = {isa = PBXFileReference; lastKnownFileType = folder.assetcatalog; path = Assets.xcassets; sourceTree = "<group>"; };
		AD2547CC2121F511004F9D86 /* Base */ = {isa = PBXFileReference; lastKnownFileType = file.storyboard; name = Base; path = Base.lproj/LaunchScreen.storyboard; sourceTree = "<group>"; };
		AD2547CE2121F511004F9D86 /* Info.plist */ = {isa = PBXFileReference; lastKnownFileType = text.plist.xml; path = Info.plist; sourceTree = "<group>"; };
		AD2547CF2121F511004F9D86 /* main.m */ = {isa = PBXFileReference; lastKnownFileType = sourcecode.c.objc; path = main.m; sourceTree = "<group>"; };
		AD2547D52121F511004F9D86 /* SLLPaperOnboardingDemoTests.xctest */ = {isa = PBXFileReference; explicitFileType = wrapper.cfbundle; includeInIndex = 0; path = SLLPaperOnboardingDemoTests.xctest; sourceTree = BUILT_PRODUCTS_DIR; };
		AD2547D92121F511004F9D86 /* SLLPaperOnboardingDemoTests.m */ = {isa = PBXFileReference; lastKnownFileType = sourcecode.c.objc; path = SLLPaperOnboardingDemoTests.m; sourceTree = "<group>"; };
		AD2547DB2121F511004F9D86 /* Info.plist */ = {isa = PBXFileReference; lastKnownFileType = text.plist.xml; path = Info.plist; sourceTree = "<group>"; };
		AD2547E02121F511004F9D86 /* SLLPaperOnboardingDemoUITests.xctest */ = {isa = PBXFileReference; explicitFileType = wrapper.cfbundle; includeInIndex = 0; path = SLLPaperOnboardingDemoUITests.xctest; sourceTree = BUILT_PRODUCTS_DIR; };
		AD2547E42121F511004F9D86 /* SLLPaperOnboardingDemoUITests.m */ = {isa = PBXFileReference; lastKnownFileType = sourcecode.c.objc; path = SLLPaperOnboardingDemoUITests.m; sourceTree = "<group>"; };
		AD2547E62121F511004F9D86 /* Info.plist */ = {isa = PBXFileReference; lastKnownFileType = text.plist.xml; path = Info.plist; sourceTree = "<group>"; };
		AD2547F321220B60004F9D86 /* SLLPaperOnboarding.h */ = {isa = PBXFileReference; lastKnownFileType = sourcecode.c.h; path = SLLPaperOnboarding.h; sourceTree = "<group>"; };
		AD2547F421220B60004F9D86 /* SLLPaperOnboarding.m */ = {isa = PBXFileReference; lastKnownFileType = sourcecode.c.objc; path = SLLPaperOnboarding.m; sourceTree = "<group>"; };
		AD2547F621220C1B004F9D86 /* SLLOnboardingItemInfo.h */ = {isa = PBXFileReference; lastKnownFileType = sourcecode.c.h; path = SLLOnboardingItemInfo.h; sourceTree = "<group>"; };
		AD2547F721220C1B004F9D86 /* SLLOnboardingItemInfo.m */ = {isa = PBXFileReference; lastKnownFileType = sourcecode.c.objc; path = SLLOnboardingItemInfo.m; sourceTree = "<group>"; };
		AD2547FF21221866004F9D86 /* SLLOnboardingContentViewItem.h */ = {isa = PBXFileReference; lastKnownFileType = sourcecode.c.h; path = SLLOnboardingContentViewItem.h; sourceTree = "<group>"; };
		AD25480021221866004F9D86 /* SLLOnboardingContentViewItem.m */ = {isa = PBXFileReference; lastKnownFileType = sourcecode.c.objc; path = SLLOnboardingContentViewItem.m; sourceTree = "<group>"; };
		AD25480221233B2B004F9D86 /* SLLOnboardingContentView.h */ = {isa = PBXFileReference; lastKnownFileType = sourcecode.c.h; path = SLLOnboardingContentView.h; sourceTree = "<group>"; };
		AD25480321233B2B004F9D86 /* SLLOnboardingContentView.m */ = {isa = PBXFileReference; lastKnownFileType = sourcecode.c.objc; path = SLLOnboardingContentView.m; sourceTree = "<group>"; };
		AD25480521238679004F9D86 /* SLLFillAnimationView.h */ = {isa = PBXFileReference; lastKnownFileType = sourcecode.c.h; path = SLLFillAnimationView.h; sourceTree = "<group>"; };
		AD25480621238679004F9D86 /* SLLFillAnimationView.m */ = {isa = PBXFileReference; lastKnownFileType = sourcecode.c.objc; path = SLLFillAnimationView.m; sourceTree = "<group>"; };
/* End PBXFileReference section */

/* Begin PBXFrameworksBuildPhase section */
		AD2547BA2121F50E004F9D86 /* Frameworks */ = {
			isa = PBXFrameworksBuildPhase;
			buildActionMask = 2147483647;
			files = (
			);
			runOnlyForDeploymentPostprocessing = 0;
		};
		AD2547D22121F511004F9D86 /* Frameworks */ = {
			isa = PBXFrameworksBuildPhase;
			buildActionMask = 2147483647;
			files = (
			);
			runOnlyForDeploymentPostprocessing = 0;
		};
		AD2547DD2121F511004F9D86 /* Frameworks */ = {
			isa = PBXFrameworksBuildPhase;
			buildActionMask = 2147483647;
			files = (
			);
			runOnlyForDeploymentPostprocessing = 0;
		};
/* End PBXFrameworksBuildPhase section */

/* Begin PBXGroup section */
		AD2547B42121F50E004F9D86 = {
			isa = PBXGroup;
			children = (
				AD2547BF2121F50E004F9D86 /* SLLPaperOnboardingDemo */,
				AD2547D82121F511004F9D86 /* SLLPaperOnboardingDemoTests */,
				AD2547E32121F511004F9D86 /* SLLPaperOnboardingDemoUITests */,
				AD2547BE2121F50E004F9D86 /* Products */,
			);
			sourceTree = "<group>";
		};
		AD2547BE2121F50E004F9D86 /* Products */ = {
			isa = PBXGroup;
			children = (
				AD2547BD2121F50E004F9D86 /* SLLPaperOnboardingDemo.app */,
				AD2547D52121F511004F9D86 /* SLLPaperOnboardingDemoTests.xctest */,
				AD2547E02121F511004F9D86 /* SLLPaperOnboardingDemoUITests.xctest */,
			);
			name = Products;
			sourceTree = "<group>";
		};
		AD2547BF2121F50E004F9D86 /* SLLPaperOnboardingDemo */ = {
			isa = PBXGroup;
			children = (
				AD2547F221220AEA004F9D86 /* SLLPaperOnboarding */,
				AD2547C02121F50E004F9D86 /* SLLAppDelegate.h */,
				AD2547C12121F50E004F9D86 /* SLLAppDelegate.m */,
				AD2547C32121F50E004F9D86 /* SLLViewController.h */,
				AD2547C42121F50E004F9D86 /* SLLViewController.m */,
				AD2547C62121F50E004F9D86 /* Main.storyboard */,
				AD2547C92121F511004F9D86 /* Assets.xcassets */,
				AD2547CB2121F511004F9D86 /* LaunchScreen.storyboard */,
				AD2547CE2121F511004F9D86 /* Info.plist */,
				AD2547CF2121F511004F9D86 /* main.m */,
			);
			path = SLLPaperOnboardingDemo;
			sourceTree = "<group>";
		};
		AD2547D82121F511004F9D86 /* SLLPaperOnboardingDemoTests */ = {
			isa = PBXGroup;
			children = (
				AD2547D92121F511004F9D86 /* SLLPaperOnboardingDemoTests.m */,
				AD2547DB2121F511004F9D86 /* Info.plist */,
			);
			path = SLLPaperOnboardingDemoTests;
			sourceTree = "<group>";
		};
		AD2547E32121F511004F9D86 /* SLLPaperOnboardingDemoUITests */ = {
			isa = PBXGroup;
			children = (
				AD2547E42121F511004F9D86 /* SLLPaperOnboardingDemoUITests.m */,
				AD2547E62121F511004F9D86 /* Info.plist */,
			);
			path = SLLPaperOnboardingDemoUITests;
			sourceTree = "<group>";
		};
		AD2547F221220AEA004F9D86 /* SLLPaperOnboarding */ = {
			isa = PBXGroup;
			children = (
				AD2547FD2122164C004F9D86 /* PageView */,
				AD2547FC21221636004F9D86 /* OnboardingContentView */,
				AD2547FB2122162D004F9D86 /* Helpers */,
				AD2547FA21221624004F9D86 /* GestureControl */,
				AD2547F921221614004F9D86 /* FillAnimationView */,
				AD2547F321220B60004F9D86 /* SLLPaperOnboarding.h */,
				AD2547F421220B60004F9D86 /* SLLPaperOnboarding.m */,
				AD2547F621220C1B004F9D86 /* SLLOnboardingItemInfo.h */,
				AD2547F721220C1B004F9D86 /* SLLOnboardingItemInfo.m */,
			);
			name = SLLPaperOnboarding;
			path = ../../../Source;
			sourceTree = "<group>";
		};
		AD2547F921221614004F9D86 /* FillAnimationView */ = {
			isa = PBXGroup;
			children = (
				AD25480521238679004F9D86 /* SLLFillAnimationView.h */,
				AD25480621238679004F9D86 /* SLLFillAnimationView.m */,
			);
			path = FillAnimationView;
			sourceTree = "<group>";
		};
		AD2547FA21221624004F9D86 /* GestureControl */ = {
			isa = PBXGroup;
			children = (
			);
			path = GestureControl;
			sourceTree = "<group>";
		};
		AD2547FB2122162D004F9D86 /* Helpers */ = {
			isa = PBXGroup;
			children = (
			);
			path = Helpers;
			sourceTree = "<group>";
		};
		AD2547FC21221636004F9D86 /* OnboardingContentView */ = {
			isa = PBXGroup;
			children = (
				AD2547FE2122183F004F9D86 /* Item */,
				AD25480221233B2B004F9D86 /* SLLOnboardingContentView.h */,
				AD25480321233B2B004F9D86 /* SLLOnboardingContentView.m */,
			);
			path = OnboardingContentView;
			sourceTree = "<group>";
		};
		AD2547FD2122164C004F9D86 /* PageView */ = {
			isa = PBXGroup;
			children = (
			);
			path = PageView;
			sourceTree = "<group>";
		};
		AD2547FE2122183F004F9D86 /* Item */ = {
			isa = PBXGroup;
			children = (
				AD2547FF21221866004F9D86 /* SLLOnboardingContentViewItem.h */,
				AD25480021221866004F9D86 /* SLLOnboardingContentViewItem.m */,
			);
			path = Item;
			sourceTree = "<group>";
		};
/* End PBXGroup section */

/* Begin PBXNativeTarget section */
		AD2547BC2121F50E004F9D86 /* SLLPaperOnboardingDemo */ = {
			isa = PBXNativeTarget;
			buildConfigurationList = AD2547E92121F511004F9D86 /* Build configuration list for PBXNativeTarget "SLLPaperOnboardingDemo" */;
			buildPhases = (
				AD2547B92121F50E004F9D86 /* Sources */,
				AD2547BA2121F50E004F9D86 /* Frameworks */,
				AD2547BB2121F50E004F9D86 /* Resources */,
			);
			buildRules = (
			);
			dependencies = (
			);
			name = SLLPaperOnboardingDemo;
			productName = SLLPaperOnboardingDemo;
			productReference = AD2547BD2121F50E004F9D86 /* SLLPaperOnboardingDemo.app */;
			productType = "com.apple.product-type.application";
		};
		AD2547D42121F511004F9D86 /* SLLPaperOnboardingDemoTests */ = {
			isa = PBXNativeTarget;
			buildConfigurationList = AD2547EC2121F511004F9D86 /* Build configuration list for PBXNativeTarget "SLLPaperOnboardingDemoTests" */;
			buildPhases = (
				AD2547D12121F511004F9D86 /* Sources */,
				AD2547D22121F511004F9D86 /* Frameworks */,
				AD2547D32121F511004F9D86 /* Resources */,
			);
			buildRules = (
			);
			dependencies = (
				AD2547D72121F511004F9D86 /* PBXTargetDependency */,
			);
			name = SLLPaperOnboardingDemoTests;
			productName = SLLPaperOnboardingDemoTests;
			productReference = AD2547D52121F511004F9D86 /* SLLPaperOnboardingDemoTests.xctest */;
			productType = "com.apple.product-type.bundle.unit-test";
		};
		AD2547DF2121F511004F9D86 /* SLLPaperOnboardingDemoUITests */ = {
			isa = PBXNativeTarget;
			buildConfigurationList = AD2547EF2121F511004F9D86 /* Build configuration list for PBXNativeTarget "SLLPaperOnboardingDemoUITests" */;
			buildPhases = (
				AD2547DC2121F511004F9D86 /* Sources */,
				AD2547DD2121F511004F9D86 /* Frameworks */,
				AD2547DE2121F511004F9D86 /* Resources */,
			);
			buildRules = (
			);
			dependencies = (
				AD2547E22121F511004F9D86 /* PBXTargetDependency */,
			);
			name = SLLPaperOnboardingDemoUITests;
			productName = SLLPaperOnboardingDemoUITests;
			productReference = AD2547E02121F511004F9D86 /* SLLPaperOnboardingDemoUITests.xctest */;
			productType = "com.apple.product-type.bundle.ui-testing";
		};
/* End PBXNativeTarget section */

/* Begin PBXProject section */
		AD2547B52121F50E004F9D86 /* Project object */ = {
			isa = PBXProject;
			attributes = {
				LastUpgradeCheck = 1000;
				ORGANIZATIONNAME = "Skylite Labs";
				TargetAttributes = {
					AD2547BC2121F50E004F9D86 = {
						CreatedOnToolsVersion = 10.0;
					};
					AD2547D42121F511004F9D86 = {
						CreatedOnToolsVersion = 10.0;
						TestTargetID = AD2547BC2121F50E004F9D86;
					};
					AD2547DF2121F511004F9D86 = {
						CreatedOnToolsVersion = 10.0;
						TestTargetID = AD2547BC2121F50E004F9D86;
					};
				};
			};
			buildConfigurationList = AD2547B82121F50E004F9D86 /* Build configuration list for PBXProject "SLLPaperOnboardingDemo" */;
			compatibilityVersion = "Xcode 9.3";
			developmentRegion = en;
			hasScannedForEncodings = 0;
			knownRegions = (
				en,
				Base,
			);
			mainGroup = AD2547B42121F50E004F9D86;
			productRefGroup = AD2547BE2121F50E004F9D86 /* Products */;
			projectDirPath = "";
			projectRoot = "";
			targets = (
				AD2547BC2121F50E004F9D86 /* SLLPaperOnboardingDemo */,
				AD2547D42121F511004F9D86 /* SLLPaperOnboardingDemoTests */,
				AD2547DF2121F511004F9D86 /* SLLPaperOnboardingDemoUITests */,
			);
		};
/* End PBXProject section */

/* Begin PBXResourcesBuildPhase section */
		AD2547BB2121F50E004F9D86 /* Resources */ = {
			isa = PBXResourcesBuildPhase;
			buildActionMask = 2147483647;
			files = (
				AD2547CD2121F511004F9D86 /* LaunchScreen.storyboard in Resources */,
				AD2547CA2121F511004F9D86 /* Assets.xcassets in Resources */,
				AD2547C82121F50E004F9D86 /* Main.storyboard in Resources */,
			);
			runOnlyForDeploymentPostprocessing = 0;
		};
		AD2547D32121F511004F9D86 /* Resources */ = {
			isa = PBXResourcesBuildPhase;
			buildActionMask = 2147483647;
			files = (
			);
			runOnlyForDeploymentPostprocessing = 0;
		};
		AD2547DE2121F511004F9D86 /* Resources */ = {
			isa = PBXResourcesBuildPhase;
			buildActionMask = 2147483647;
			files = (
			);
			runOnlyForDeploymentPostprocessing = 0;
		};
/* End PBXResourcesBuildPhase section */

/* Begin PBXSourcesBuildPhase section */
		AD2547B92121F50E004F9D86 /* Sources */ = {
			isa = PBXSourcesBuildPhase;
			buildActionMask = 2147483647;
			files = (
				AD2547C52121F50E004F9D86 /* SLLViewController.m in Sources */,
				AD25480421233B2B004F9D86 /* SLLOnboardingContentView.m in Sources */,
				AD2547F821220C1B004F9D86 /* SLLOnboardingItemInfo.m in Sources */,
				AD25480121221866004F9D86 /* SLLOnboardingContentViewItem.m in Sources */,
				AD2547F521220B60004F9D86 /* SLLPaperOnboarding.m in Sources */,
				AD2547D02121F511004F9D86 /* main.m in Sources */,
				AD25480721238679004F9D86 /* SLLFillAnimationView.m in Sources */,
				AD2547C22121F50E004F9D86 /* SLLAppDelegate.m in Sources */,
			);
			runOnlyForDeploymentPostprocessing = 0;
		};
		AD2547D12121F511004F9D86 /* Sources */ = {
			isa = PBXSourcesBuildPhase;
			buildActionMask = 2147483647;
			files = (
				AD2547DA2121F511004F9D86 /* SLLPaperOnboardingDemoTests.m in Sources */,
			);
			runOnlyForDeploymentPostprocessing = 0;
		};
		AD2547DC2121F511004F9D86 /* Sources */ = {
			isa = PBXSourcesBuildPhase;
			buildActionMask = 2147483647;
			files = (
				AD2547E52121F511004F9D86 /* SLLPaperOnboardingDemoUITests.m in Sources */,
			);
			runOnlyForDeploymentPostprocessing = 0;
		};
/* End PBXSourcesBuildPhase section */

/* Begin PBXTargetDependency section */
		AD2547D72121F511004F9D86 /* PBXTargetDependency */ = {
			isa = PBXTargetDependency;
			target = AD2547BC2121F50E004F9D86 /* SLLPaperOnboardingDemo */;
			targetProxy = AD2547D62121F511004F9D86 /* PBXContainerItemProxy */;
		};
		AD2547E22121F511004F9D86 /* PBXTargetDependency */ = {
			isa = PBXTargetDependency;
			target = AD2547BC2121F50E004F9D86 /* SLLPaperOnboardingDemo */;
			targetProxy = AD2547E12121F511004F9D86 /* PBXContainerItemProxy */;
		};
/* End PBXTargetDependency section */

/* Begin PBXVariantGroup section */
		AD2547C62121F50E004F9D86 /* Main.storyboard */ = {
			isa = PBXVariantGroup;
			children = (
				AD2547C72121F50E004F9D86 /* Base */,
			);
			name = Main.storyboard;
			sourceTree = "<group>";
		};
		AD2547CB2121F511004F9D86 /* LaunchScreen.storyboard */ = {
			isa = PBXVariantGroup;
			children = (
				AD2547CC2121F511004F9D86 /* Base */,
			);
			name = LaunchScreen.storyboard;
			sourceTree = "<group>";
		};
/* End PBXVariantGroup section */

/* Begin XCBuildConfiguration section */
		AD2547E72121F511004F9D86 /* Debug */ = {
			isa = XCBuildConfiguration;
			buildSettings = {
				ALWAYS_SEARCH_USER_PATHS = NO;
				CLANG_ANALYZER_NONNULL = YES;
				CLANG_ANALYZER_NUMBER_OBJECT_CONVERSION = YES_AGGRESSIVE;
				CLANG_CXX_LANGUAGE_STANDARD = "gnu++14";
				CLANG_CXX_LIBRARY = "libc++";
				CLANG_ENABLE_MODULES = YES;
				CLANG_ENABLE_OBJC_ARC = YES;
				CLANG_ENABLE_OBJC_WEAK = YES;
				CLANG_WARN_BLOCK_CAPTURE_AUTORELEASING = YES;
				CLANG_WARN_BOOL_CONVERSION = YES;
				CLANG_WARN_COMMA = YES;
				CLANG_WARN_CONSTANT_CONVERSION = YES;
				CLANG_WARN_DEPRECATED_OBJC_IMPLEMENTATIONS = YES;
				CLANG_WARN_DIRECT_OBJC_ISA_USAGE = YES_ERROR;
				CLANG_WARN_DOCUMENTATION_COMMENTS = YES;
				CLANG_WARN_EMPTY_BODY = YES;
				CLANG_WARN_ENUM_CONVERSION = YES;
				CLANG_WARN_INFINITE_RECURSION = YES;
				CLANG_WARN_INT_CONVERSION = YES;
				CLANG_WARN_NON_LITERAL_NULL_CONVERSION = YES;
				CLANG_WARN_OBJC_IMPLICIT_RETAIN_SELF = YES;
				CLANG_WARN_OBJC_LITERAL_CONVERSION = YES;
				CLANG_WARN_OBJC_ROOT_CLASS = YES_ERROR;
				CLANG_WARN_RANGE_LOOP_ANALYSIS = YES;
				CLANG_WARN_STRICT_PROTOTYPES = YES;
				CLANG_WARN_SUSPICIOUS_MOVE = YES;
				CLANG_WARN_UNGUARDED_AVAILABILITY = YES_AGGRESSIVE;
				CLANG_WARN_UNREACHABLE_CODE = YES;
				CLANG_WARN__DUPLICATE_METHOD_MATCH = YES;
				CODE_SIGN_IDENTITY = "iPhone Developer";
				COPY_PHASE_STRIP = NO;
				DEBUG_INFORMATION_FORMAT = dwarf;
				ENABLE_STRICT_OBJC_MSGSEND = YES;
				ENABLE_TESTABILITY = YES;
				GCC_C_LANGUAGE_STANDARD = gnu11;
				GCC_DYNAMIC_NO_PIC = NO;
				GCC_NO_COMMON_BLOCKS = YES;
				GCC_OPTIMIZATION_LEVEL = 0;
				GCC_PREPROCESSOR_DEFINITIONS = (
					"DEBUG=1",
					"$(inherited)",
				);
				GCC_WARN_64_TO_32_BIT_CONVERSION = YES;
				GCC_WARN_ABOUT_RETURN_TYPE = YES_ERROR;
				GCC_WARN_UNDECLARED_SELECTOR = YES;
				GCC_WARN_UNINITIALIZED_AUTOS = YES_AGGRESSIVE;
				GCC_WARN_UNUSED_FUNCTION = YES;
				GCC_WARN_UNUSED_VARIABLE = YES;
				IPHONEOS_DEPLOYMENT_TARGET = 12.0;
				MTL_ENABLE_DEBUG_INFO = INCLUDE_SOURCE;
				ONLY_ACTIVE_ARCH = YES;
				SDKROOT = iphoneos;
			};
			name = Debug;
		};
		AD2547E82121F511004F9D86 /* Release */ = {
			isa = XCBuildConfiguration;
			buildSettings = {
				ALWAYS_SEARCH_USER_PATHS = NO;
				CLANG_ANALYZER_NONNULL = YES;
				CLANG_ANALYZER_NUMBER_OBJECT_CONVERSION = YES_AGGRESSIVE;
				CLANG_CXX_LANGUAGE_STANDARD = "gnu++14";
				CLANG_CXX_LIBRARY = "libc++";
				CLANG_ENABLE_MODULES = YES;
				CLANG_ENABLE_OBJC_ARC = YES;
				CLANG_ENABLE_OBJC_WEAK = YES;
				CLANG_WARN_BLOCK_CAPTURE_AUTORELEASING = YES;
				CLANG_WARN_BOOL_CONVERSION = YES;
				CLANG_WARN_COMMA = YES;
				CLANG_WARN_CONSTANT_CONVERSION = YES;
				CLANG_WARN_DEPRECATED_OBJC_IMPLEMENTATIONS = YES;
				CLANG_WARN_DIRECT_OBJC_ISA_USAGE = YES_ERROR;
				CLANG_WARN_DOCUMENTATION_COMMENTS = YES;
				CLANG_WARN_EMPTY_BODY = YES;
				CLANG_WARN_ENUM_CONVERSION = YES;
				CLANG_WARN_INFINITE_RECURSION = YES;
				CLANG_WARN_INT_CONVERSION = YES;
				CLANG_WARN_NON_LITERAL_NULL_CONVERSION = YES;
				CLANG_WARN_OBJC_IMPLICIT_RETAIN_SELF = YES;
				CLANG_WARN_OBJC_LITERAL_CONVERSION = YES;
				CLANG_WARN_OBJC_ROOT_CLASS = YES_ERROR;
				CLANG_WARN_RANGE_LOOP_ANALYSIS = YES;
				CLANG_WARN_STRICT_PROTOTYPES = YES;
				CLANG_WARN_SUSPICIOUS_MOVE = YES;
				CLANG_WARN_UNGUARDED_AVAILABILITY = YES_AGGRESSIVE;
				CLANG_WARN_UNREACHABLE_CODE = YES;
				CLANG_WARN__DUPLICATE_METHOD_MATCH = YES;
				CODE_SIGN_IDENTITY = "iPhone Developer";
				COPY_PHASE_STRIP = NO;
				DEBUG_INFORMATION_FORMAT = "dwarf-with-dsym";
				ENABLE_NS_ASSERTIONS = NO;
				ENABLE_STRICT_OBJC_MSGSEND = YES;
				GCC_C_LANGUAGE_STANDARD = gnu11;
				GCC_NO_COMMON_BLOCKS = YES;
				GCC_WARN_64_TO_32_BIT_CONVERSION = YES;
				GCC_WARN_ABOUT_RETURN_TYPE = YES_ERROR;
				GCC_WARN_UNDECLARED_SELECTOR = YES;
				GCC_WARN_UNINITIALIZED_AUTOS = YES_AGGRESSIVE;
				GCC_WARN_UNUSED_FUNCTION = YES;
				GCC_WARN_UNUSED_VARIABLE = YES;
				IPHONEOS_DEPLOYMENT_TARGET = 12.0;
				MTL_ENABLE_DEBUG_INFO = NO;
				SDKROOT = iphoneos;
				VALIDATE_PRODUCT = YES;
			};
			name = Release;
		};
		AD2547EA2121F511004F9D86 /* Debug */ = {
			isa = XCBuildConfiguration;
			buildSettings = {
				ASSETCATALOG_COMPILER_APPICON_NAME = AppIcon;
				CODE_SIGN_STYLE = Automatic;
				DEVELOPMENT_TEAM = CPAJMP8CKF;
				INFOPLIST_FILE = SLLPaperOnboardingDemo/Info.plist;
				LD_RUNPATH_SEARCH_PATHS = (
					"$(inherited)",
					"@executable_path/Frameworks",
				);
				PRODUCT_BUNDLE_IDENTIFIER = com.skylitelabs.SLLPaperOnboardingDemo;
				PRODUCT_NAME = "$(TARGET_NAME)";
				TARGETED_DEVICE_FAMILY = "1,2";
			};
			name = Debug;
		};
		AD2547EB2121F511004F9D86 /* Release */ = {
			isa = XCBuildConfiguration;
			buildSettings = {
				ASSETCATALOG_COMPILER_APPICON_NAME = AppIcon;
				CODE_SIGN_STYLE = Automatic;
				DEVELOPMENT_TEAM = CPAJMP8CKF;
				INFOPLIST_FILE = SLLPaperOnboardingDemo/Info.plist;
				LD_RUNPATH_SEARCH_PATHS = (
					"$(inherited)",
					"@executable_path/Frameworks",
				);
				PRODUCT_BUNDLE_IDENTIFIER = com.skylitelabs.SLLPaperOnboardingDemo;
				PRODUCT_NAME = "$(TARGET_NAME)";
				TARGETED_DEVICE_FAMILY = "1,2";
			};
			name = Release;
		};
		AD2547ED2121F511004F9D86 /* Debug */ = {
			isa = XCBuildConfiguration;
			buildSettings = {
				BUNDLE_LOADER = "$(TEST_HOST)";
				CODE_SIGN_STYLE = Automatic;
				DEVELOPMENT_TEAM = CPAJMP8CKF;
				INFOPLIST_FILE = SLLPaperOnboardingDemoTests/Info.plist;
				LD_RUNPATH_SEARCH_PATHS = (
					"$(inherited)",
					"@executable_path/Frameworks",
					"@loader_path/Frameworks",
				);
				PRODUCT_BUNDLE_IDENTIFIER = com.skylitelabs.SLLPaperOnboardingDemoTests;
				PRODUCT_NAME = "$(TARGET_NAME)";
				TARGETED_DEVICE_FAMILY = "1,2";
				TEST_HOST = "$(BUILT_PRODUCTS_DIR)/SLLPaperOnboardingDemo.app/SLLPaperOnboardingDemo";
			};
			name = Debug;
		};
		AD2547EE2121F511004F9D86 /* Release */ = {
			isa = XCBuildConfiguration;
			buildSettings = {
				BUNDLE_LOADER = "$(TEST_HOST)";
				CODE_SIGN_STYLE = Automatic;
				DEVELOPMENT_TEAM = CPAJMP8CKF;
				INFOPLIST_FILE = SLLPaperOnboardingDemoTests/Info.plist;
				LD_RUNPATH_SEARCH_PATHS = (
					"$(inherited)",
					"@executable_path/Frameworks",
					"@loader_path/Frameworks",
				);
				PRODUCT_BUNDLE_IDENTIFIER = com.skylitelabs.SLLPaperOnboardingDemoTests;
				PRODUCT_NAME = "$(TARGET_NAME)";
				TARGETED_DEVICE_FAMILY = "1,2";
				TEST_HOST = "$(BUILT_PRODUCTS_DIR)/SLLPaperOnboardingDemo.app/SLLPaperOnboardingDemo";
			};
			name = Release;
		};
		AD2547F02121F511004F9D86 /* Debug */ = {
			isa = XCBuildConfiguration;
			buildSettings = {
				CODE_SIGN_STYLE = Automatic;
				DEVELOPMENT_TEAM = CPAJMP8CKF;
				INFOPLIST_FILE = SLLPaperOnboardingDemoUITests/Info.plist;
				LD_RUNPATH_SEARCH_PATHS = (
					"$(inherited)",
					"@executable_path/Frameworks",
					"@loader_path/Frameworks",
				);
				PRODUCT_BUNDLE_IDENTIFIER = com.skylitelabs.SLLPaperOnboardingDemoUITests;
				PRODUCT_NAME = "$(TARGET_NAME)";
				TARGETED_DEVICE_FAMILY = "1,2";
				TEST_TARGET_NAME = SLLPaperOnboardingDemo;
			};
			name = Debug;
		};
		AD2547F12121F511004F9D86 /* Release */ = {
			isa = XCBuildConfiguration;
			buildSettings = {
				CODE_SIGN_STYLE = Automatic;
				DEVELOPMENT_TEAM = CPAJMP8CKF;
				INFOPLIST_FILE = SLLPaperOnboardingDemoUITests/Info.plist;
				LD_RUNPATH_SEARCH_PATHS = (
					"$(inherited)",
					"@executable_path/Frameworks",
					"@loader_path/Frameworks",
				);
				PRODUCT_BUNDLE_IDENTIFIER = com.skylitelabs.SLLPaperOnboardingDemoUITests;
				PRODUCT_NAME = "$(TARGET_NAME)";
				TARGETED_DEVICE_FAMILY = "1,2";
				TEST_TARGET_NAME = SLLPaperOnboardingDemo;
			};
			name = Release;
		};
/* End XCBuildConfiguration section */

/* Begin XCConfigurationList section */
		AD2547B82121F50E004F9D86 /* Build configuration list for PBXProject "SLLPaperOnboardingDemo" */ = {
			isa = XCConfigurationList;
			buildConfigurations = (
				AD2547E72121F511004F9D86 /* Debug */,
				AD2547E82121F511004F9D86 /* Release */,
			);
			defaultConfigurationIsVisible = 0;
			defaultConfigurationName = Release;
		};
		AD2547E92121F511004F9D86 /* Build configuration list for PBXNativeTarget "SLLPaperOnboardingDemo" */ = {
			isa = XCConfigurationList;
			buildConfigurations = (
				AD2547EA2121F511004F9D86 /* Debug */,
				AD2547EB2121F511004F9D86 /* Release */,
			);
			defaultConfigurationIsVisible = 0;
			defaultConfigurationName = Release;
		};
		AD2547EC2121F511004F9D86 /* Build configuration list for PBXNativeTarget "SLLPaperOnboardingDemoTests" */ = {
			isa = XCConfigurationList;
			buildConfigurations = (
				AD2547ED2121F511004F9D86 /* Debug */,
				AD2547EE2121F511004F9D86 /* Release */,
			);
			defaultConfigurationIsVisible = 0;
			defaultConfigurationName = Release;
		};
		AD2547EF2121F511004F9D86 /* Build configuration list for PBXNativeTarget "SLLPaperOnboardingDemoUITests" */ = {
			isa = XCConfigurationList;
			buildConfigurations = (
				AD2547F02121F511004F9D86 /* Debug */,
				AD2547F12121F511004F9D86 /* Release */,
			);
			defaultConfigurationIsVisible = 0;
			defaultConfigurationName = Release;
		};
/* End XCConfigurationList section */
	};
	rootObject = AD2547B52121F50E004F9D86 /* Project object */;
}
